
Microsoft Visual Studio Solution File, Format Version 12.00
# Visual Studio 2012
Project("{FAE04EC0-301F-11D3-BF4B-00C04F79EFBC}") = "ParseNotificationsDroidBinding", "ParseNotificationsDroidBinding\ParseNotificationsDroidBinding.csproj", "{BF09C0A7-73F0-4AD7-B4F7-0013EF76DE46}"
EndProject
Project("{FAE04EC0-301F-11D3-BF4B-00C04F79EFBC}") = "PushTest", "PushTest\PushTest.csproj", "{F757B4D4-A9DA-442F-AAF5-CF82A1BD778E}"
EndProject
Global
	GlobalSection(SolutionConfigurationPlatforms) = preSolution
		Debug|Any CPU = Debug|Any CPU
		Release|Any CPU = Release|Any CPU
	EndGlobalSection
	GlobalSection(ProjectConfigurationPlatforms) = postSolution
		{BF09C0A7-73F0-4AD7-B4F7-0013EF76DE46}.Debug|Any CPU.ActiveCfg = Debug|Any CPU
		{BF09C0A7-73F0-4AD7-B4F7-0013EF76DE46}.Debug|Any CPU.Build.0 = Debug|Any CPU
		{BF09C0A7-73F0-4AD7-B4F7-0013EF76DE46}.Release|Any CPU.ActiveCfg = Release|Any CPU
		{BF09C0A7-73F0-4AD7-B4F7-0013EF76DE46}.Release|Any CPU.Build.0 = Release|Any CPU
		{F757B4D4-A9DA-442F-AAF5-CF82A1BD778E}.Debug|Any CPU.ActiveCfg = Debug|Any CPU
		{F757B4D4-A9DA-442F-AAF5-CF82A1BD778E}.Debug|Any CPU.Build.0 = Debug|Any CPU
		{F757B4D4-A9DA-442F-AAF5-CF82A1BD778E}.Release|Any CPU.ActiveCfg = Release|Any CPU
		{F757B4D4-A9DA-442F-AAF5-CF82A1BD778E}.Release|Any CPU.Build.0 = Release|Any CPU
	EndGlobalSection
	GlobalSection(MonoDevelopProperties) = preSolution
		StartupItem = PushTest\PushTest.csproj
	EndGlobalSection
EndGlobal
